
Microsoft Visual Studio Solution File, Format Version 12.00
# Visual Studio 2012
Project("{FAE04EC0-301F-11D3-BF4B-00C04F79EFBC}") = "WindowsAzure.ChronoTableStorage", "WindowsAzure.ChronoTableStorage\WindowsAzure.ChronoTableStorage.csproj", "{737D1A21-C7B3-44F4-A4C4-A1F3258797F7}"
EndProject
Project("{FAE04EC0-301F-11D3-BF4B-00C04F79EFBC}") = "WindowsAzure.ChronoTableStorageSample", "WindowsAzure.ChronoTableStorageSample\WindowsAzure.ChronoTableStorageSample.csproj", "{32284FF2-CAED-4799-A998-F7A7281C26E0}"
EndProject
Global
	GlobalSection(SolutionConfigurationPlatforms) = preSolution
		Debug|Any CPU = Debug|Any CPU
		Release|Any CPU = Release|Any CPU
	EndGlobalSection
	GlobalSection(ProjectConfigurationPlatforms) = postSolution
		{737D1A21-C7B3-44F4-A4C4-A1F3258797F7}.Debug|Any CPU.ActiveCfg = Debug|Any CPU
		{737D1A21-C7B3-44F4-A4C4-A1F3258797F7}.Debug|Any CPU.Build.0 = Debug|Any CPU
		{737D1A21-C7B3-44F4-A4C4-A1F3258797F7}.Release|Any CPU.ActiveCfg = Release|Any CPU
		{737D1A21-C7B3-44F4-A4C4-A1F3258797F7}.Release|Any CPU.Build.0 = Release|Any CPU
		{32284FF2-CAED-4799-A998-F7A7281C26E0}.Debug|Any CPU.ActiveCfg = Debug|Any CPU
		{32284FF2-CAED-4799-A998-F7A7281C26E0}.Debug|Any CPU.Build.0 = Debug|Any CPU
		{32284FF2-CAED-4799-A998-F7A7281C26E0}.Release|Any CPU.ActiveCfg = Release|Any CPU
		{32284FF2-CAED-4799-A998-F7A7281C26E0}.Release|Any CPU.Build.0 = Release|Any CPU
	EndGlobalSection
	GlobalSection(SolutionProperties) = preSolution
		HideSolutionNode = FALSE
	EndGlobalSection
EndGlobal
